// !$*UTF8*$!
{
	archiveVersion = 1;
	classes = {
	};
	objectVersion = 77;
	objects = {

/* Begin PBXContainerItemProxy section */
		498378872DBABA31000F81FB /* PBXContainerItemProxy */ = {
			isa = PBXContainerItemProxy;
			containerPortal = 4983786D2DBABA2F000F81FB /* Project object */;
			proxyType = 1;
			remoteGlobalIDString = 498378742DBABA2F000F81FB;
			remoteInfo = ConstructionManagerApp;
		};
		498378912DBABA31000F81FB /* PBXContainerItemProxy */ = {
			isa = PBXContainerItemProxy;
			containerPortal = 4983786D2DBABA2F000F81FB /* Project object */;
			proxyType = 1;
			remoteGlobalIDString = 498378742DBABA2F000F81FB;
			remoteInfo = ConstructionManagerApp;
		};
/* End PBXContainerItemProxy section */

/* Begin PBXFileReference section */
		498378752DBABA2F000F81FB /* ConstructionManagerApp.app */ = {isa = PBXFileReference; explicitFileType = wrapper.application; includeInIndex = 0; path = ConstructionManagerApp.app; sourceTree = BUILT_PRODUCTS_DIR; };
		498378862DBABA31000F81FB /* ConstructionManagerAppTests.xctest */ = {isa = PBXFileReference; explicitFileType = wrapper.cfbundle; includeInIndex = 0; path = ConstructionManagerAppTests.xctest; sourceTree = BUILT_PRODUCTS_DIR; };
		498378902DBABA31000F81FB /* ConstructionManagerAppUITests.xctest */ = {isa = PBXFileReference; explicitFileType = wrapper.cfbundle; includeInIndex = 0; path = ConstructionManagerAppUITests.xctest; sourceTree = BUILT_PRODUCTS_DIR; };
/* End PBXFileReference section */

/* Begin PBXFileSystemSynchronizedBuildFileExceptionSet section */
		498378982DBABA31000F81FB /* Exceptions for "ConstructionManagerApp" folder in "ConstructionManagerApp" target */ = {
			isa = PBXFileSystemSynchronizedBuildFileExceptionSet;
			membershipExceptions = (
				Info.plist,
			);
			target = 498378742DBABA2F000F81FB /* ConstructionManagerApp */;
		};
/* End PBXFileSystemSynchronizedBuildFileExceptionSet section */

/* Begin PBXFileSystemSynchronizedRootGroup section */
		498378772DBABA2F000F81FB /* ConstructionManagerApp */ = {
			isa = PBXFileSystemSynchronizedRootGroup;
			exceptions = (
				498378982DBABA31000F81FB /* Exceptions for "ConstructionManagerApp" folder in "ConstructionManagerApp" target */,
			);
			path = ConstructionManagerApp;
			sourceTree = "<group>";
		};
		498378892DBABA31000F81FB /* ConstructionManagerAppTests */ = {
			isa = PBXFileSystemSynchronizedRootGroup;
			path = ConstructionManagerAppTests;
			sourceTree = "<group>";
		};
		498378932DBABA31000F81FB /* ConstructionManagerAppUITests */ = {
			isa = PBXFileSystemSynchronizedRootGroup;
			path = ConstructionManagerAppUITests;
			sourceTree = "<group>";
		};
/* End PBXFileSystemSynchronizedRootGroup section */

/* Begin PBXFrameworksBuildPhase section */
		498378722DBABA2F000F81FB /* Frameworks */ = {
			isa = PBXFrameworksBuildPhase;
			buildActionMask = 2147483647;
			files = (
			);
			runOnlyForDeploymentPostprocessing = 0;
		};
		498378832DBABA31000F81FB /* Frameworks */ = {
			isa = PBXFrameworksBuildPhase;
			buildActionMask = 2147483647;
			files = (
			);
			runOnlyForDeploymentPostprocessing = 0;
		};
		4983788D2DBABA31000F81FB /* Frameworks */ = {
			isa = PBXFrameworksBuildPhase;
			buildActionMask = 2147483647;
			files = (
			);
			runOnlyForDeploymentPostprocessing = 0;
		};
/* End PBXFrameworksBuildPhase section */

/* Begin PBXGroup section */
		4983786C2DBABA2F000F81FB = {
			isa = PBXGroup;
			children = (
				498378772DBABA2F000F81FB /* ConstructionManagerApp */,
				498378892DBABA31000F81FB /* ConstructionManagerAppTests */,
				498378932DBABA31000F81FB /* ConstructionManagerAppUITests */,
				498378762DBABA2F000F81FB /* Products */,
			);
			sourceTree = "<group>";
		};
		498378762DBABA2F000F81FB /* Products */ = {
			isa = PBXGroup;
			children = (
				498378752DBABA2F000F81FB /* ConstructionManagerApp.app */,
				498378862DBABA31000F81FB /* ConstructionManagerAppTests.xctest */,
				498378902DBABA31000F81FB /* ConstructionManagerAppUITests.xctest */,
			);
			name = Products;
			sourceTree = "<group>";
		};
/* End PBXGroup section */

/* Begin PBXNativeTarget section */
		498378742DBABA2F000F81FB /* ConstructionManagerApp */ = {
			isa = PBXNativeTarget;
			buildConfigurationList = 498378992DBABA31000F81FB /* Build configuration list for PBXNativeTarget "ConstructionManagerApp" */;
			buildPhases = (
				498378712DBABA2F000F81FB /* Sources */,
				498378722DBABA2F000F81FB /* Frameworks */,
				498378732DBABA2F000F81FB /* Resources */,
			);
			buildRules = (
			);
			dependencies = (
			);
			fileSystemSynchronizedGroups = (
				498378772DBABA2F000F81FB /* ConstructionManagerApp */,
			);
			name = ConstructionManagerApp;
			packageProductDependencies = (
			);
			productName = ConstructionManagerApp;
			productReference = 498378752DBABA2F000F81FB /* ConstructionManagerApp.app */;
			productType = "com.apple.product-type.application";
		};
		498378852DBABA31000F81FB /* ConstructionManagerAppTests */ = {
			isa = PBXNativeTarget;
			buildConfigurationList = 4983789E2DBABA31000F81FB /* Build configuration list for PBXNativeTarget "ConstructionManagerAppTests" */;
			buildPhases = (
				498378822DBABA31000F81FB /* Sources */,
				498378832DBABA31000F81FB /* Frameworks */,
				498378842DBABA31000F81FB /* Resources */,
			);
			buildRules = (
			);
			dependencies = (
				498378882DBABA31000F81FB /* PBXTargetDependency */,
			);
			fileSystemSynchronizedGroups = (
				498378892DBABA31000F81FB /* ConstructionManagerAppTests */,
			);
			name = ConstructionManagerAppTests;
			packageProductDependencies = (
			);
			productName = ConstructionManagerAppTests;
			productReference = 498378862DBABA31000F81FB /* ConstructionManagerAppTests.xctest */;
			productType = "com.apple.product-type.bundle.unit-test";
		};
		4983788F2DBABA31000F81FB /* ConstructionManagerAppUITests */ = {
			isa = PBXNativeTarget;
			buildConfigurationList = 498378A12DBABA31000F81FB /* Build configuration list for PBXNativeTarget "ConstructionManagerAppUITests" */;
			buildPhases = (
				4983788C2DBABA31000F81FB /* Sources */,
				4983788D2DBABA31000F81FB /* Frameworks */,
				4983788E2DBABA31000F81FB /* Resources */,
			);
			buildRules = (
			);
			dependencies = (
				498378922DBABA31000F81FB /* PBXTargetDependency */,
			);
			fileSystemSynchronizedGroups = (
				498378932DBABA31000F81FB /* ConstructionManagerAppUITests */,
			);
			name = ConstructionManagerAppUITests;
			packageProductDependencies = (
			);
			productName = ConstructionManagerAppUITests;
			productReference = 498378902DBABA31000F81FB /* ConstructionManagerAppUITests.xctest */;
			productType = "com.apple.product-type.bundle.ui-testing";
		};
/* End PBXNativeTarget section */

/* Begin PBXProject section */
		4983786D2DBABA2F000F81FB /* Project object */ = {
			isa = PBXProject;
			attributes = {
				BuildIndependentTargetsInParallel = 1;
				LastSwiftUpdateCheck = 1630;
				LastUpgradeCheck = 1630;
				TargetAttributes = {
					498378742DBABA2F000F81FB = {
						CreatedOnToolsVersion = 16.3;
					};
					498378852DBABA31000F81FB = {
						CreatedOnToolsVersion = 16.3;
						TestTargetID = 498378742DBABA2F000F81FB;
					};
					4983788F2DBABA31000F81FB = {
						CreatedOnToolsVersion = 16.3;
						TestTargetID = 498378742DBABA2F000F81FB;
					};
				};
			};
			buildConfigurationList = 498378702DBABA2F000F81FB /* Build configuration list for PBXProject "ConstructionManagerApp" */;
			developmentRegion = en;
			hasScannedForEncodings = 0;
			knownRegions = (
				en,
				Base,
			);
			mainGroup = 4983786C2DBABA2F000F81FB;
			minimizedProjectReferenceProxies = 1;
			preferredProjectObjectVersion = 77;
			productRefGroup = 498378762DBABA2F000F81FB /* Products */;
			projectDirPath = "";
			projectRoot = "";
			targets = (
				498378742DBABA2F000F81FB /* ConstructionManagerApp */,
				498378852DBABA31000F81FB /* ConstructionManagerAppTests */,
				4983788F2DBABA31000F81FB /* ConstructionManagerAppUITests */,
			);
		};
/* End PBXProject section */

/* Begin PBXResourcesBuildPhase section */
		498378732DBABA2F000F81FB /* Resources */ = {
			isa = PBXResourcesBuildPhase;
			buildActionMask = 2147483647;
			files = (
			);
			runOnlyForDeploymentPostprocessing = 0;
		};
		498378842DBABA31000F81FB /* Resources */ = {
			isa = PBXResourcesBuildPhase;
			buildActionMask = 2147483647;
			files = (
			);
			runOnlyForDeploymentPostprocessing = 0;
		};
		4983788E2DBABA31000F81FB /* Resources */ = {
			isa = PBXResourcesBuildPhase;
			buildActionMask = 2147483647;
			files = (
			);
			runOnlyForDeploymentPostprocessing = 0;
		};
/* End PBXResourcesBuildPhase section */

/* Begin PBXSourcesBuildPhase section */
		498378712DBABA2F000F81FB /* Sources */ = {
			isa = PBXSourcesBuildPhase;
			buildActionMask = 2147483647;
			files = (
			);
			runOnlyForDeploymentPostprocessing = 0;
		};
		498378822DBABA31000F81FB /* Sources */ = {
			isa = PBXSourcesBuildPhase;
			buildActionMask = 2147483647;
			files = (
			);
			runOnlyForDeploymentPostprocessing = 0;
		};
		4983788C2DBABA31000F81FB /* Sources */ = {
			isa = PBXSourcesBuildPhase;
			buildActionMask = 2147483647;
			files = (
			);
			runOnlyForDeploymentPostprocessing = 0;
		};
/* End PBXSourcesBuildPhase section */

/* Begin PBXTargetDependency section */
		498378882DBABA31000F81FB /* PBXTargetDependency */ = {
			isa = PBXTargetDependency;
			target = 498378742DBABA2F000F81FB /* ConstructionManagerApp */;
			targetProxy = 498378872DBABA31000F81FB /* PBXContainerItemProxy */;
		};
		498378922DBABA31000F81FB /* PBXTargetDependency */ = {
			isa = PBXTargetDependency;
			target = 498378742DBABA2F000F81FB /* ConstructionManagerApp */;
			targetProxy = 498378912DBABA31000F81FB /* PBXContainerItemProxy */;
		};
/* End PBXTargetDependency section */

/* Begin XCBuildConfiguration section */
		4983789A2DBABA31000F81FB /* Debug */ = {
			isa = XCBuildConfiguration;
			buildSettings = {
				ASSETCATALOG_COMPILER_APPICON_NAME = AppIcon;
				ASSETCATALOG_COMPILER_GLOBAL_ACCENT_COLOR_NAME = AccentColor;
				CODE_SIGN_ENTITLEMENTS = ConstructionManagerApp/ConstructionManagerApp.entitlements;
				CODE_SIGN_STYLE = Automatic;
				CURRENT_PROJECT_VERSION = 1;
				ENABLE_PREVIEWS = YES;
				GENERATE_INFOPLIST_FILE = YES;
				INFOPLIST_FILE = ConstructionManagerApp/Info.plist;
				INFOPLIST_KEY_UIApplicationSceneManifest_Generation = YES;
				INFOPLIST_KEY_UIApplicationSupportsIndirectInputEvents = YES;
				INFOPLIST_KEY_UILaunchScreen_Generation = YES;
				INFOPLIST_KEY_UISupportedInterfaceOrientations_iPad = "UIInterfaceOrientationPortrait UIInterfaceOrientationPortraitUpsideDown UIInterfaceOrientationLandscapeLeft UIInterfaceOrientationLandscapeRight";
				INFOPLIST_KEY_UISupportedInterfaceOrientations_iPhone = "UIInterfaceOrientationPortrait UIInterfaceOrientationLandscapeLeft UIInterfaceOrientationLandscapeRight";
				LD_RUNPATH_SEARCH_PATHS = (
					"$(inherited)",
					"@executable_path/Frameworks",
				);
				MARKETING_VERSION = 1.0;
				PRODUCT_BUNDLE_IDENTIFIER = com.app.jk.ConstructionManagerApp;
				PRODUCT_NAME = "$(TARGET_NAME)";
				SWIFT_EMIT_LOC_STRINGS = YES;
				SWIFT_VERSION = 5.0;
				TARGETED_DEVICE_FAMILY = "1,2";
			};
			name = Debug;
		};
		4983789B2DBABA31000F81FB /* Release */ = {
			isa = XCBuildConfiguration;
			buildSettings = {
				ASSETCATALOG_COMPILER_APPICON_NAME = AppIcon;
				ASSETCATALOG_COMPILER_GLOBAL_ACCENT_COLOR_NAME = AccentColor;
				CODE_SIGN_ENTITLEMENTS = ConstructionManagerApp/ConstructionManagerApp.entitlements;
				CODE_SIGN_STYLE = Automatic;
				CURRENT_PROJECT_VERSION = 1;
				ENABLE_PREVIEWS = YES;
				GENERATE_INFOPLIST_FILE = YES;
				INFOPLIST_FILE = ConstructionManagerApp/Info.plist;
				INFOPLIST_KEY_UIApplicationSceneManifest_Generation = YES;
				INFOPLIST_KEY_UIApplicationSupportsIndirectInputEvents = YES;
				INFOPLIST_KEY_UILaunchScreen_Generation = YES;
				INFOPLIST_KEY_UISupportedInterfaceOrientations_iPad = "UIInterfaceOrientationPortrait UIInterfaceOrientationPortraitUpsideDown UIInterfaceOrientationLandscapeLeft UIInterfaceOrientationLandscapeRight";
				INFOPLIST_KEY_UISupportedInterfaceOrientations_iPhone = "UIInterfaceOrientationPortrait UIInterfaceOrientationLandscapeLeft UIInterfaceOrientationLandscapeRight";
				LD_RUNPATH_SEARCH_PATHS = (
					"$(inherited)",
					"@executable_path/Frameworks",
				);
				MARKETING_VERSION = 1.0;
				PRODUCT_BUNDLE_IDENTIFIER = com.app.jk.ConstructionManagerApp;
				PRODUCT_NAME = "$(TARGET_NAME)";
				SWIFT_EMIT_LOC_STRINGS = YES;
				SWIFT_VERSION = 5.0;
				TARGETED_DEVICE_FAMILY = "1,2";
			};
			name = Release;
		};
		4983789C2DBABA31000F81FB /* Debug */ = {
			isa = XCBuildConfiguration;
			buildSettings = {
				ALWAYS_SEARCH_USER_PATHS = NO;
				ASSETCATALOG_COMPILER_GENERATE_SWIFT_ASSET_SYMBOL_EXTENSIONS = YES;
				CLANG_ANALYZER_NONNULL = YES;
				CLANG_ANALYZER_NUMBER_OBJECT_CONVERSION = YES_AGGRESSIVE;
				CLANG_CXX_LANGUAGE_STANDARD = "gnu++20";
				CLANG_ENABLE_MODULES = YES;
				CLANG_ENABLE_OBJC_ARC = YES;
				CLANG_ENABLE_OBJC_WEAK = YES;
				CLANG_WARN_BLOCK_CAPTURE_AUTORELEASING = YES;
				CLANG_WARN_BOOL_CONVERSION = YES;
				CLANG_WARN_COMMA = YES;
				CLANG_WARN_CONSTANT_CONVERSION = YES;
				CLANG_WARN_DEPRECATED_OBJC_IMPLEMENTATIONS = YES;
				CLANG_WARN_DIRECT_OBJC_ISA_USAGE = YES_ERROR;
				CLANG_WARN_DOCUMENTATION_COMMENTS = YES;
				CLANG_WARN_EMPTY_BODY = YES;
				CLANG_WARN_ENUM_CONVERSION = YES;
				CLANG_WARN_INFINITE_RECURSION = YES;
				CLANG_WARN_INT_CONVERSION = YES;
				CLANG_WARN_NON_LITERAL_NULL_CONVERSION = YES;
				CLANG_WARN_OBJC_IMPLICIT_RETAIN_SELF = YES;
				CLANG_WARN_OBJC_LITERAL_CONVERSION = YES;
				CLANG_WARN_OBJC_ROOT_CLASS = YES_ERROR;
				CLANG_WARN_QUOTED_INCLUDE_IN_FRAMEWORK_HEADER = YES;
				CLANG_WARN_RANGE_LOOP_ANALYSIS = YES;
				CLANG_WARN_STRICT_PROTOTYPES = YES;
				CLANG_WARN_SUSPICIOUS_MOVE = YES;
				CLANG_WARN_UNGUARDED_AVAILABILITY = YES_AGGRESSIVE;
				CLANG_WARN_UNREACHABLE_CODE = YES;
				CLANG_WARN__DUPLICATE_METHOD_MATCH = YES;
				COPY_PHASE_STRIP = NO;
				DEBUG_INFORMATION_FORMAT = dwarf;
				ENABLE_STRICT_OBJC_MSGSEND = YES;
				ENABLE_TESTABILITY = YES;
				ENABLE_USER_SCRIPT_SANDBOXING = YES;
				GCC_C_LANGUAGE_STANDARD = gnu17;
				GCC_DYNAMIC_NO_PIC = NO;
				GCC_NO_COMMON_BLOCKS = YES;
				GCC_OPTIMIZATION_LEVEL = 0;
				GCC_PREPROCESSOR_DEFINITIONS = (
					"DEBUG=1",
					"$(inherited)",
				);
				GCC_WARN_64_TO_32_BIT_CONVERSION = YES;
				GCC_WARN_ABOUT_RETURN_TYPE = YES_ERROR;
				GCC_WARN_UNDECLARED_SELECTOR = YES;
				GCC_WARN_UNINITIALIZED_AUTOS = YES_AGGRESSIVE;
				GCC_WARN_UNUSED_FUNCTION = YES;
				GCC_WARN_UNUSED_VARIABLE = YES;
				IPHONEOS_DEPLOYMENT_TARGET = 18.4;
				LOCALIZATION_PREFERS_STRING_CATALOGS = YES;
				MTL_ENABLE_DEBUG_INFO = INCLUDE_SOURCE;
				MTL_FAST_MATH = YES;
				ONLY_ACTIVE_ARCH = YES;
				SDKROOT = iphoneos;
				SWIFT_ACTIVE_COMPILATION_CONDITIONS = "DEBUG $(inherited)";
				SWIFT_OPTIMIZATION_LEVEL = "-Onone";
			};
			name = Debug;
		};
		4983789D2DBABA31000F81FB /* Release */ = {
			isa = XCBuildConfiguration;
			buildSettings = {
				ALWAYS_SEARCH_USER_PATHS = NO;
				ASSETCATALOG_COMPILER_GENERATE_SWIFT_ASSET_SYMBOL_EXTENSIONS = YES;
				CLANG_ANALYZER_NONNULL = YES;
				CLANG_ANALYZER_NUMBER_OBJECT_CONVERSION = YES_AGGRESSIVE;
				CLANG_CXX_LANGUAGE_STANDARD = "gnu++20";
				CLANG_ENABLE_MODULES = YES;
				CLANG_ENABLE_OBJC_ARC = YES;
				CLANG_ENABLE_OBJC_WEAK = YES;
				CLANG_WARN_BLOCK_CAPTURE_AUTORELEASING = YES;
				CLANG_WARN_BOOL_CONVERSION = YES;
				CLANG_WARN_COMMA = YES;
				CLANG_WARN_CONSTANT_CONVERSION = YES;
				CLANG_WARN_DEPRECATED_OBJC_IMPLEMENTATIONS = YES;
				CLANG_WARN_DIRECT_OBJC_ISA_USAGE = YES_ERROR;
				CLANG_WARN_DOCUMENTATION_COMMENTS = YES;
				CLANG_WARN_EMPTY_BODY = YES;
				CLANG_WARN_ENUM_CONVERSION = YES;
				CLANG_WARN_INFINITE_RECURSION = YES;
				CLANG_WARN_INT_CONVERSION = YES;
				CLANG_WARN_NON_LITERAL_NULL_CONVERSION = YES;
				CLANG_WARN_OBJC_IMPLICIT_RETAIN_SELF = YES;
				CLANG_WARN_OBJC_LITERAL_CONVERSION = YES;
				CLANG_WARN_OBJC_ROOT_CLASS = YES_ERROR;
				CLANG_WARN_QUOTED_INCLUDE_IN_FRAMEWORK_HEADER = YES;
				CLANG_WARN_RANGE_LOOP_ANALYSIS = YES;
				CLANG_WARN_STRICT_PROTOTYPES = YES;
				CLANG_WARN_SUSPICIOUS_MOVE = YES;
				CLANG_WARN_UNGUARDED_AVAILABILITY = YES_AGGRESSIVE;
				CLANG_WARN_UNREACHABLE_CODE = YES;
				CLANG_WARN__DUPLICATE_METHOD_MATCH = YES;
				COPY_PHASE_STRIP = NO;
				DEBUG_INFORMATION_FORMAT = "dwarf-with-dsym";
				ENABLE_NS_ASSERTIONS = NO;
				ENABLE_STRICT_OBJC_MSGSEND = YES;
				ENABLE_USER_SCRIPT_SANDBOXING = YES;
				GCC_C_LANGUAGE_STANDARD = gnu17;
				GCC_NO_COMMON_BLOCKS = YES;
				GCC_WARN_64_TO_32_BIT_CONVERSION = YES;
				GCC_WARN_ABOUT_RETURN_TYPE = YES_ERROR;
				GCC_WARN_UNDECLARED_SELECTOR = YES;
				GCC_WARN_UNINITIALIZED_AUTOS = YES_AGGRESSIVE;
				GCC_WARN_UNUSED_FUNCTION = YES;
				GCC_WARN_UNUSED_VARIABLE = YES;
				IPHONEOS_DEPLOYMENT_TARGET = 18.4;
				LOCALIZATION_PREFERS_STRING_CATALOGS = YES;
				MTL_ENABLE_DEBUG_INFO = NO;
				MTL_FAST_MATH = YES;
				SDKROOT = iphoneos;
				SWIFT_COMPILATION_MODE = wholemodule;
				VALIDATE_PRODUCT = YES;
			};
			name = Release;
		};
		4983789F2DBABA31000F81FB /* Debug */ = {
			isa = XCBuildConfiguration;
			buildSettings = {
				BUNDLE_LOADER = "$(TEST_HOST)";
				CODE_SIGN_STYLE = Automatic;
				CURRENT_PROJECT_VERSION = 1;
				GENERATE_INFOPLIST_FILE = YES;
				IPHONEOS_DEPLOYMENT_TARGET = 18.4;
				MARKETING_VERSION = 1.0;
				PRODUCT_BUNDLE_IDENTIFIER = com.app.jk.ConstructionManagerAppTests;
				PRODUCT_NAME = "$(TARGET_NAME)";
				SWIFT_EMIT_LOC_STRINGS = NO;
				SWIFT_VERSION = 5.0;
				TARGETED_DEVICE_FAMILY = "1,2";
				TEST_HOST = "$(BUILT_PRODUCTS_DIR)/ConstructionManagerApp.app/$(BUNDLE_EXECUTABLE_FOLDER_PATH)/ConstructionManagerApp";
			};
			name = Debug;
		};
		498378A02DBABA31000F81FB /* Release */ = {
			isa = XCBuildConfiguration;
			buildSettings = {
				BUNDLE_LOADER = "$(TEST_HOST)";
				CODE_SIGN_STYLE = Automatic;
				CURRENT_PROJECT_VERSION = 1;
				GENERATE_INFOPLIST_FILE = YES;
				IPHONEOS_DEPLOYMENT_TARGET = 18.4;
				MARKETING_VERSION = 1.0;
				PRODUCT_BUNDLE_IDENTIFIER = com.app.jk.ConstructionManagerAppTests;
				PRODUCT_NAME = "$(TARGET_NAME)";
				SWIFT_EMIT_LOC_STRINGS = NO;
				SWIFT_VERSION = 5.0;
				TARGETED_DEVICE_FAMILY = "1,2";
				TEST_HOST = "$(BUILT_PRODUCTS_DIR)/ConstructionManagerApp.app/$(BUNDLE_EXECUTABLE_FOLDER_PATH)/ConstructionManagerApp";
			};
			name = Release;
		};
		498378A22DBABA31000F81FB /* Debug */ = {
			isa = XCBuildConfiguration;
			buildSettings = {
				CODE_SIGN_STYLE = Automatic;
				CURRENT_PROJECT_VERSION = 1;
				GENERATE_INFOPLIST_FILE = YES;
				MARKETING_VERSION = 1.0;
				PRODUCT_BUNDLE_IDENTIFIER = com.app.jk.ConstructionManagerAppUITests;
				PRODUCT_NAME = "$(TARGET_NAME)";
				SWIFT_EMIT_LOC_STRINGS = NO;
				SWIFT_VERSION = 5.0;
				TARGETED_DEVICE_FAMILY = "1,2";
				TEST_TARGET_NAME = ConstructionManagerApp;
			};
			name = Debug;
		};
		498378A32DBABA31000F81FB /* Release */ = {
			isa = XCBuildConfiguration;
			buildSettings = {
				CODE_SIGN_STYLE = Automatic;
				CURRENT_PROJECT_VERSION = 1;
				GENERATE_INFOPLIST_FILE = YES;
				MARKETING_VERSION = 1.0;
				PRODUCT_BUNDLE_IDENTIFIER = com.app.jk.ConstructionManagerAppUITests;
				PRODUCT_NAME = "$(TARGET_NAME)";
				SWIFT_EMIT_LOC_STRINGS = NO;
				SWIFT_VERSION = 5.0;
				TARGETED_DEVICE_FAMILY = "1,2";
				TEST_TARGET_NAME = ConstructionManagerApp;
			};
			name = Release;
		};
/* End XCBuildConfiguration section */

/* Begin XCConfigurationList section */
		498378702DBABA2F000F81FB /* Build configuration list for PBXProject "ConstructionManagerApp" */ = {
			isa = XCConfigurationList;
			buildConfigurations = (
				4983789C2DBABA31000F81FB /* Debug */,
				4983789D2DBABA31000F81FB /* Release */,
			);
			defaultConfigurationIsVisible = 0;
			defaultConfigurationName = Release;
		};
		498378992DBABA31000F81FB /* Build configuration list for PBXNativeTarget "ConstructionManagerApp" */ = {
			isa = XCConfigurationList;
			buildConfigurations = (
				4983789A2DBABA31000F81FB /* Debug */,
				4983789B2DBABA31000F81FB /* Release */,
			);
			defaultConfigurationIsVisible = 0;
			defaultConfigurationName = Release;
		};
		4983789E2DBABA31000F81FB /* Build configuration list for PBXNativeTarget "ConstructionManagerAppTests" */ = {
			isa = XCConfigurationList;
			buildConfigurations = (
				4983789F2DBABA31000F81FB /* Debug */,
				498378A02DBABA31000F81FB /* Release */,
			);
			defaultConfigurationIsVisible = 0;
			defaultConfigurationName = Release;
		};
		498378A12DBABA31000F81FB /* Build configuration list for PBXNativeTarget "ConstructionManagerAppUITests" */ = {
			isa = XCConfigurationList;
			buildConfigurations = (
				498378A22DBABA31000F81FB /* Debug */,
				498378A32DBABA31000F81FB /* Release */,
			);
			defaultConfigurationIsVisible = 0;
			defaultConfigurationName = Release;
		};
/* End XCConfigurationList section */
	};
	rootObject = 4983786D2DBABA2F000F81FB /* Project object */;
}
